{
  "nodes": {
    "chip8-roms": {
      "flake": false,
      "locked": {
        "lastModified": 1636599799,
        "narHash": "sha256-hHdvSA9+hh/UAfjEwGguUbTjYMYizga8MycVx2jxWwU=",
        "owner": "loktar00",
        "repo": "chip8",
        "rev": "4a592d9530d16336e70674d86a5994bae34210f5",
        "type": "github"
      },
      "original": {
        "owner": "loktar00",
        "repo": "chip8",
        "type": "github"
      }
    },
    "chip8-test-rom": {
      "flake": false,
      "locked": {
        "lastModified": 1590936136,
        "narHash": "sha256-kWpsc3Puo3fB9yp+SvTqw5WI4LOJ8AJ1eMMxgVwiwrY=",
        "owner": "corax89",
        "repo": "chip8-test-rom",
        "rev": "6a2cc38be6f5e527221353df024b840a86bc8e5f",
        "type": "github"
      },
      "original": {
        "owner": "corax89",
        "repo": "chip8-test-rom",
        "type": "github"
      }
    },
    "chip8-test-rom2": {
      "flake": false,
      "locked": {
        "lastModified": 1498938708,
        "narHash": "sha256-wvl1swQT2RDw9N7mk/qVkBp/I9370of0edPAQD0s2xA=",
        "owner": "daniel5151",
        "repo": "AC8E",
        "rev": "c2dbf92858055cc1c72e50727b3d244a92850df2",
        "type": "github"
      },
      "original": {
        "owner": "daniel5151",
        "repo": "AC8E",
        "type": "github"
      }
    },
    "flake-utils": {
      "locked": {
        "lastModified": 1649676176,
        "narHash": "sha256-OWKJratjt2RW151VUlJPRALb7OU2S5s+f0vLj4o1bHM=",
        "owner": "numtide",
        "repo": "flake-utils",
        "rev": "a4b154ebbdc88c8498a5c7b01589addc9e9cb678",
        "type": "github"
      },
      "original": {
        "owner": "numtide",
        "repo": "flake-utils",
        "type": "github"
      }
    },
    "nixpkgs": {
      "locked": {
        "lastModified": 1649961138,
        "narHash": "sha256-8ZCPrazs+qd2V8Elw84lIWuk0kKfVQ8Ei/19gahURhM=",
        "owner": "NixOS",
        "repo": "nixpkgs",
        "rev": "d08394e7cd5c7431a1e8f53b7f581e74ee909548",
        "type": "github"
      },
      "original": {
        "owner": "NixOS",
        "ref": "nixpkgs-unstable",
        "repo": "nixpkgs",
        "type": "github"
      }
    },
    "root": {
      "inputs": {
        "chip8-roms": "chip8-roms",
        "chip8-test-rom": "chip8-test-rom",
        "chip8-test-rom2": "chip8-test-rom2",
        "flake-utils": "flake-utils",
        "nixpkgs": "nixpkgs"
      }
    }
  },
  "root": "root",
  "version": 7
}
